
Microsoft Visual Studio Solution File, Format Version 12.00
# Visual Studio Version 16
VisualStudioVersion = 16.0.31112.23
MinimumVisualStudioVersion = 10.0.40219.1
Project("{FAE04EC0-301F-11D3-BF4B-00C04F79EFBC}") = "CSharpTest", "CSharpTest\CSharpTest.csproj", "{1E90CA40-3ADF-476C-8CDA-5655ABE1A54C}"
EndProject
Project("{FAE04EC0-301F-11D3-BF4B-00C04F79EFBC}") = "TernaryOrnek", "TernaryOrnek\TernaryOrnek.csproj", "{73D4FDE7-CB16-4CE7-ADEF-4569F0D260D3}"
EndProject
Global
	GlobalSection(SolutionConfigurationPlatforms) = preSolution
		Debug|Any CPU = Debug|Any CPU
		Release|Any CPU = Release|Any CPU
	EndGlobalSection
	GlobalSection(ProjectConfigurationPlatforms) = postSolution
		{1E90CA40-3ADF-476C-8CDA-5655ABE1A54C}.Debug|Any CPU.ActiveCfg = Debug|Any CPU
		{1E90CA40-3ADF-476C-8CDA-5655ABE1A54C}.Debug|Any CPU.Build.0 = Debug|Any CPU
		{1E90CA40-3ADF-476C-8CDA-5655ABE1A54C}.Release|Any CPU.ActiveCfg = Release|Any CPU
		{1E90CA40-3ADF-476C-8CDA-5655ABE1A54C}.Release|Any CPU.Build.0 = Release|Any CPU
		{73D4FDE7-CB16-4CE7-ADEF-4569F0D260D3}.Debug|Any CPU.ActiveCfg = Debug|Any CPU
		{73D4FDE7-CB16-4CE7-ADEF-4569F0D260D3}.Debug|Any CPU.Build.0 = Debug|Any CPU
		{73D4FDE7-CB16-4CE7-ADEF-4569F0D260D3}.Release|Any CPU.ActiveCfg = Release|Any CPU
		{73D4FDE7-CB16-4CE7-ADEF-4569F0D260D3}.Release|Any CPU.Build.0 = Release|Any CPU
	EndGlobalSection
	GlobalSection(SolutionProperties) = preSolution
		HideSolutionNode = FALSE
	EndGlobalSection
	GlobalSection(ExtensibilityGlobals) = postSolution
		SolutionGuid = {81F54C86-F41A-4000-A70C-6F05D1103636}
	EndGlobalSection
EndGlobal
