
Microsoft Visual Studio Solution File, Format Version 12.00
# Visual Studio Version 16
VisualStudioVersion = 16.0.31112.23
MinimumVisualStudioVersion = 10.0.40219.1
Project("{FAE04EC0-301F-11D3-BF4B-00C04F79EFBC}") = "PersonelTakip", "PersonelTakip\PersonelTakip.csproj", "{5D19A169-1BD5-4869-861D-218F40943D8C}"
EndProject
Global
	GlobalSection(SolutionConfigurationPlatforms) = preSolution
		Debug|Any CPU = Debug|Any CPU
		Release|Any CPU = Release|Any CPU
	EndGlobalSection
	GlobalSection(ProjectConfigurationPlatforms) = postSolution
		{5D19A169-1BD5-4869-861D-218F40943D8C}.Debug|Any CPU.ActiveCfg = Debug|Any CPU
		{5D19A169-1BD5-4869-861D-218F40943D8C}.Debug|Any CPU.Build.0 = Debug|Any CPU
		{5D19A169-1BD5-4869-861D-218F40943D8C}.Release|Any CPU.ActiveCfg = Release|Any CPU
		{5D19A169-1BD5-4869-861D-218F40943D8C}.Release|Any CPU.Build.0 = Release|Any CPU
	EndGlobalSection
	GlobalSection(SolutionProperties) = preSolution
		HideSolutionNode = FALSE
	EndGlobalSection
	GlobalSection(ExtensibilityGlobals) = postSolution
		SolutionGuid = {49B4D34C-B98D-4561-88CB-B6E26B99A79E}
	EndGlobalSection
EndGlobal
